// !$*UTF8*$!
{
	archiveVersion = 1;
	classes = {
	};
	objectVersion = 48;
	objects = {

/* Begin PBXBuildFile section */
		4E93EE362085FE19007A3DBF /* AppDelegate.swift in Sources */ = {isa = PBXBuildFile; fileRef = 4E93EE352085FE19007A3DBF /* AppDelegate.swift */; };
		4E93EE382085FE19007A3DBF /* ViewController.swift in Sources */ = {isa = PBXBuildFile; fileRef = 4E93EE372085FE19007A3DBF /* ViewController.swift */; };
		4E93EE3B2085FE19007A3DBF /* Main.storyboard in Resources */ = {isa = PBXBuildFile; fileRef = 4E93EE392085FE19007A3DBF /* Main.storyboard */; };
		4E93EE3E2085FE19007A3DBF /* UI_Controller.xcdatamodeld in Sources */ = {isa = PBXBuildFile; fileRef = 4E93EE3C2085FE19007A3DBF /* UI_Controller.xcdatamodeld */; };
		4E93EE402085FE19007A3DBF /* Assets.xcassets in Resources */ = {isa = PBXBuildFile; fileRef = 4E93EE3F2085FE19007A3DBF /* Assets.xcassets */; };
		4E93EE432085FE19007A3DBF /* LaunchScreen.storyboard in Resources */ = {isa = PBXBuildFile; fileRef = 4E93EE412085FE19007A3DBF /* LaunchScreen.storyboard */; };
		4E93EE4E2085FE1A007A3DBF /* UI_ControllerTests.swift in Sources */ = {isa = PBXBuildFile; fileRef = 4E93EE4D2085FE1A007A3DBF /* UI_ControllerTests.swift */; };
		4E93EE592085FE1A007A3DBF /* UI_ControllerUITests.swift in Sources */ = {isa = PBXBuildFile; fileRef = 4E93EE582085FE1A007A3DBF /* UI_ControllerUITests.swift */; };
/* End PBXBuildFile section */

/* Begin PBXContainerItemProxy section */
		4E93EE4A2085FE1A007A3DBF /* PBXContainerItemProxy */ = {
			isa = PBXContainerItemProxy;
			containerPortal = 4E93EE2A2085FE19007A3DBF /* Project object */;
			proxyType = 1;
			remoteGlobalIDString = 4E93EE312085FE19007A3DBF;
			remoteInfo = "UI Controller";
		};
		4E93EE552085FE1A007A3DBF /* PBXContainerItemProxy */ = {
			isa = PBXContainerItemProxy;
			containerPortal = 4E93EE2A2085FE19007A3DBF /* Project object */;
			proxyType = 1;
			remoteGlobalIDString = 4E93EE312085FE19007A3DBF;
			remoteInfo = "UI Controller";
		};
/* End PBXContainerItemProxy section */

/* Begin PBXFileReference section */
		4E93EE322085FE19007A3DBF /* UI Controller.app */ = {isa = PBXFileReference; explicitFileType = wrapper.application; includeInIndex = 0; path = "UI Controller.app"; sourceTree = BUILT_PRODUCTS_DIR; };
		4E93EE352085FE19007A3DBF /* AppDelegate.swift */ = {isa = PBXFileReference; lastKnownFileType = sourcecode.swift; path = AppDelegate.swift; sourceTree = "<group>"; };
		4E93EE372085FE19007A3DBF /* ViewController.swift */ = {isa = PBXFileReference; lastKnownFileType = sourcecode.swift; path = ViewController.swift; sourceTree = "<group>"; };
		4E93EE3A2085FE19007A3DBF /* Base */ = {isa = PBXFileReference; lastKnownFileType = file.storyboard; name = Base; path = Base.lproj/Main.storyboard; sourceTree = "<group>"; };
		4E93EE3D2085FE19007A3DBF /* UI_Controller.xcdatamodel */ = {isa = PBXFileReference; lastKnownFileType = wrapper.xcdatamodel; path = UI_Controller.xcdatamodel; sourceTree = "<group>"; };
		4E93EE3F2085FE19007A3DBF /* Assets.xcassets */ = {isa = PBXFileReference; lastKnownFileType = folder.assetcatalog; path = Assets.xcassets; sourceTree = "<group>"; };
		4E93EE422085FE19007A3DBF /* Base */ = {isa = PBXFileReference; lastKnownFileType = file.storyboard; name = Base; path = Base.lproj/LaunchScreen.storyboard; sourceTree = "<group>"; };
		4E93EE442085FE19007A3DBF /* Info.plist */ = {isa = PBXFileReference; lastKnownFileType = text.plist.xml; path = Info.plist; sourceTree = "<group>"; };
		4E93EE492085FE1A007A3DBF /* UI ControllerTests.xctest */ = {isa = PBXFileReference; explicitFileType = wrapper.cfbundle; includeInIndex = 0; path = "UI ControllerTests.xctest"; sourceTree = BUILT_PRODUCTS_DIR; };
		4E93EE4D2085FE1A007A3DBF /* UI_ControllerTests.swift */ = {isa = PBXFileReference; lastKnownFileType = sourcecode.swift; path = UI_ControllerTests.swift; sourceTree = "<group>"; };
		4E93EE4F2085FE1A007A3DBF /* Info.plist */ = {isa = PBXFileReference; lastKnownFileType = text.plist.xml; path = Info.plist; sourceTree = "<group>"; };
		4E93EE542085FE1A007A3DBF /* UI ControllerUITests.xctest */ = {isa = PBXFileReference; explicitFileType = wrapper.cfbundle; includeInIndex = 0; path = "UI ControllerUITests.xctest"; sourceTree = BUILT_PRODUCTS_DIR; };
		4E93EE582085FE1A007A3DBF /* UI_ControllerUITests.swift */ = {isa = PBXFileReference; lastKnownFileType = sourcecode.swift; path = UI_ControllerUITests.swift; sourceTree = "<group>"; };
		4E93EE5A2085FE1A007A3DBF /* Info.plist */ = {isa = PBXFileReference; lastKnownFileType = text.plist.xml; path = Info.plist; sourceTree = "<group>"; };
/* End PBXFileReference section */

/* Begin PBXFrameworksBuildPhase section */
		4E93EE2F2085FE19007A3DBF /* Frameworks */ = {
			isa = PBXFrameworksBuildPhase;
			buildActionMask = 2147483647;
			files = (
			);
			runOnlyForDeploymentPostprocessing = 0;
		};
		4E93EE462085FE1A007A3DBF /* Frameworks */ = {
			isa = PBXFrameworksBuildPhase;
			buildActionMask = 2147483647;
			files = (
			);
			runOnlyForDeploymentPostprocessing = 0;
		};
		4E93EE512085FE1A007A3DBF /* Frameworks */ = {
			isa = PBXFrameworksBuildPhase;
			buildActionMask = 2147483647;
			files = (
			);
			runOnlyForDeploymentPostprocessing = 0;
		};
/* End PBXFrameworksBuildPhase section */

/* Begin PBXGroup section */
		4E93EE292085FE19007A3DBF = {
			isa = PBXGroup;
			children = (
				4E93EE342085FE19007A3DBF /* UI Controller */,
				4E93EE4C2085FE1A007A3DBF /* UI ControllerTests */,
				4E93EE572085FE1A007A3DBF /* UI ControllerUITests */,
				4E93EE332085FE19007A3DBF /* Products */,
			);
			sourceTree = "<group>";
		};
		4E93EE332085FE19007A3DBF /* Products */ = {
			isa = PBXGroup;
			children = (
				4E93EE322085FE19007A3DBF /* UI Controller.app */,
				4E93EE492085FE1A007A3DBF /* UI ControllerTests.xctest */,
				4E93EE542085FE1A007A3DBF /* UI ControllerUITests.xctest */,
			);
			name = Products;
			sourceTree = "<group>";
		};
		4E93EE342085FE19007A3DBF /* UI Controller */ = {
			isa = PBXGroup;
			children = (
				4E93EE352085FE19007A3DBF /* AppDelegate.swift */,
				4E93EE372085FE19007A3DBF /* ViewController.swift */,
				4E93EE392085FE19007A3DBF /* Main.storyboard */,
				4E93EE3F2085FE19007A3DBF /* Assets.xcassets */,
				4E93EE412085FE19007A3DBF /* LaunchScreen.storyboard */,
				4E93EE442085FE19007A3DBF /* Info.plist */,
				4E93EE3C2085FE19007A3DBF /* UI_Controller.xcdatamodeld */,
			);
			path = "UI Controller";
			sourceTree = "<group>";
		};
		4E93EE4C2085FE1A007A3DBF /* UI ControllerTests */ = {
			isa = PBXGroup;
			children = (
				4E93EE4D2085FE1A007A3DBF /* UI_ControllerTests.swift */,
				4E93EE4F2085FE1A007A3DBF /* Info.plist */,
			);
			path = "UI ControllerTests";
			sourceTree = "<group>";
		};
		4E93EE572085FE1A007A3DBF /* UI ControllerUITests */ = {
			isa = PBXGroup;
			children = (
				4E93EE582085FE1A007A3DBF /* UI_ControllerUITests.swift */,
				4E93EE5A2085FE1A007A3DBF /* Info.plist */,
			);
			path = "UI ControllerUITests";
			sourceTree = "<group>";
		};
/* End PBXGroup section */

/* Begin PBXNativeTarget section */
		4E93EE312085FE19007A3DBF /* UI Controller */ = {
			isa = PBXNativeTarget;
			buildConfigurationList = 4E93EE5D2085FE1A007A3DBF /* Build configuration list for PBXNativeTarget "UI Controller" */;
			buildPhases = (
				4E93EE2E2085FE19007A3DBF /* Sources */,
				4E93EE2F2085FE19007A3DBF /* Frameworks */,
				4E93EE302085FE19007A3DBF /* Resources */,
			);
			buildRules = (
			);
			dependencies = (
			);
			name = "UI Controller";
			productName = "UI Controller";
			productReference = 4E93EE322085FE19007A3DBF /* UI Controller.app */;
			productType = "com.apple.product-type.application";
		};
		4E93EE482085FE1A007A3DBF /* UI ControllerTests */ = {
			isa = PBXNativeTarget;
			buildConfigurationList = 4E93EE602085FE1A007A3DBF /* Build configuration list for PBXNativeTarget "UI ControllerTests" */;
			buildPhases = (
				4E93EE452085FE1A007A3DBF /* Sources */,
				4E93EE462085FE1A007A3DBF /* Frameworks */,
				4E93EE472085FE1A007A3DBF /* Resources */,
			);
			buildRules = (
			);
			dependencies = (
				4E93EE4B2085FE1A007A3DBF /* PBXTargetDependency */,
			);
			name = "UI ControllerTests";
			productName = "UI ControllerTests";
			productReference = 4E93EE492085FE1A007A3DBF /* UI ControllerTests.xctest */;
			productType = "com.apple.product-type.bundle.unit-test";
		};
		4E93EE532085FE1A007A3DBF /* UI ControllerUITests */ = {
			isa = PBXNativeTarget;
			buildConfigurationList = 4E93EE632085FE1A007A3DBF /* Build configuration list for PBXNativeTarget "UI ControllerUITests" */;
			buildPhases = (
				4E93EE502085FE1A007A3DBF /* Sources */,
				4E93EE512085FE1A007A3DBF /* Frameworks */,
				4E93EE522085FE1A007A3DBF /* Resources */,
			);
			buildRules = (
			);
			dependencies = (
				4E93EE562085FE1A007A3DBF /* PBXTargetDependency */,
			);
			name = "UI ControllerUITests";
			productName = "UI ControllerUITests";
			productReference = 4E93EE542085FE1A007A3DBF /* UI ControllerUITests.xctest */;
			productType = "com.apple.product-type.bundle.ui-testing";
		};
/* End PBXNativeTarget section */

/* Begin PBXProject section */
		4E93EE2A2085FE19007A3DBF /* Project object */ = {
			isa = PBXProject;
			attributes = {
				LastSwiftUpdateCheck = 0920;
				LastUpgradeCheck = 0920;
				ORGANIZATIONNAME = dit2;
				TargetAttributes = {
					4E93EE312085FE19007A3DBF = {
						CreatedOnToolsVersion = 9.2;
						ProvisioningStyle = Automatic;
					};
					4E93EE482085FE1A007A3DBF = {
						CreatedOnToolsVersion = 9.2;
						ProvisioningStyle = Automatic;
						TestTargetID = 4E93EE312085FE19007A3DBF;
					};
					4E93EE532085FE1A007A3DBF = {
						CreatedOnToolsVersion = 9.2;
						ProvisioningStyle = Automatic;
						TestTargetID = 4E93EE312085FE19007A3DBF;
					};
				};
			};
			buildConfigurationList = 4E93EE2D2085FE19007A3DBF /* Build configuration list for PBXProject "UI Controller" */;
			compatibilityVersion = "Xcode 8.0";
			developmentRegion = en;
			hasScannedForEncodings = 0;
			knownRegions = (
				en,
				Base,
			);
			mainGroup = 4E93EE292085FE19007A3DBF;
			productRefGroup = 4E93EE332085FE19007A3DBF /* Products */;
			projectDirPath = "";
			projectRoot = "";
			targets = (
				4E93EE312085FE19007A3DBF /* UI Controller */,
				4E93EE482085FE1A007A3DBF /* UI ControllerTests */,
				4E93EE532085FE1A007A3DBF /* UI ControllerUITests */,
			);
		};
/* End PBXProject section */

/* Begin PBXResourcesBuildPhase section */
		4E93EE302085FE19007A3DBF /* Resources */ = {
			isa = PBXResourcesBuildPhase;
			buildActionMask = 2147483647;
			files = (
				4E93EE432085FE19007A3DBF /* LaunchScreen.storyboard in Resources */,
				4E93EE402085FE19007A3DBF /* Assets.xcassets in Resources */,
				4E93EE3B2085FE19007A3DBF /* Main.storyboard in Resources */,
			);
			runOnlyForDeploymentPostprocessing = 0;
		};
		4E93EE472085FE1A007A3DBF /* Resources */ = {
			isa = PBXResourcesBuildPhase;
			buildActionMask = 2147483647;
			files = (
			);
			runOnlyForDeploymentPostprocessing = 0;
		};
		4E93EE522085FE1A007A3DBF /* Resources */ = {
			isa = PBXResourcesBuildPhase;
			buildActionMask = 2147483647;
			files = (
			);
			runOnlyForDeploymentPostprocessing = 0;
		};
/* End PBXResourcesBuildPhase section */

/* Begin PBXSourcesBuildPhase section */
		4E93EE2E2085FE19007A3DBF /* Sources */ = {
			isa = PBXSourcesBuildPhase;
			buildActionMask = 2147483647;
			files = (
				4E93EE3E2085FE19007A3DBF /* UI_Controller.xcdatamodeld in Sources */,
				4E93EE382085FE19007A3DBF /* ViewController.swift in Sources */,
				4E93EE362085FE19007A3DBF /* AppDelegate.swift in Sources */,
			);
			runOnlyForDeploymentPostprocessing = 0;
		};
		4E93EE452085FE1A007A3DBF /* Sources */ = {
			isa = PBXSourcesBuildPhase;
			buildActionMask = 2147483647;
			files = (
				4E93EE4E2085FE1A007A3DBF /* UI_ControllerTests.swift in Sources */,
			);
			runOnlyForDeploymentPostprocessing = 0;
		};
		4E93EE502085FE1A007A3DBF /* Sources */ = {
			isa = PBXSourcesBuildPhase;
			buildActionMask = 2147483647;
			files = (
				4E93EE592085FE1A007A3DBF /* UI_ControllerUITests.swift in Sources */,
			);
			runOnlyForDeploymentPostprocessing = 0;
		};
/* End PBXSourcesBuildPhase section */

/* Begin PBXTargetDependency section */
		4E93EE4B2085FE1A007A3DBF /* PBXTargetDependency */ = {
			isa = PBXTargetDependency;
			target = 4E93EE312085FE19007A3DBF /* UI Controller */;
			targetProxy = 4E93EE4A2085FE1A007A3DBF /* PBXContainerItemProxy */;
		};
		4E93EE562085FE1A007A3DBF /* PBXTargetDependency */ = {
			isa = PBXTargetDependency;
			target = 4E93EE312085FE19007A3DBF /* UI Controller */;
			targetProxy = 4E93EE552085FE1A007A3DBF /* PBXContainerItemProxy */;
		};
/* End PBXTargetDependency section */

/* Begin PBXVariantGroup section */
		4E93EE392085FE19007A3DBF /* Main.storyboard */ = {
			isa = PBXVariantGroup;
			children = (
				4E93EE3A2085FE19007A3DBF /* Base */,
			);
			name = Main.storyboard;
			sourceTree = "<group>";
		};
		4E93EE412085FE19007A3DBF /* LaunchScreen.storyboard */ = {
			isa = PBXVariantGroup;
			children = (
				4E93EE422085FE19007A3DBF /* Base */,
			);
			name = LaunchScreen.storyboard;
			sourceTree = "<group>";
		};
/* End PBXVariantGroup section */

/* Begin XCBuildConfiguration section */
		4E93EE5B2085FE1A007A3DBF /* Debug */ = {
			isa = XCBuildConfiguration;
			buildSettings = {
				ALWAYS_SEARCH_USER_PATHS = NO;
				CLANG_ANALYZER_NONNULL = YES;
				CLANG_ANALYZER_NUMBER_OBJECT_CONVERSION = YES_AGGRESSIVE;
				CLANG_CXX_LANGUAGE_STANDARD = "gnu++14";
				CLANG_CXX_LIBRARY = "libc++";
				CLANG_ENABLE_MODULES = YES;
				CLANG_ENABLE_OBJC_ARC = YES;
				CLANG_WARN_BLOCK_CAPTURE_AUTORELEASING = YES;
				CLANG_WARN_BOOL_CONVERSION = YES;
				CLANG_WARN_COMMA = YES;
				CLANG_WARN_CONSTANT_CONVERSION = YES;
				CLANG_WARN_DIRECT_OBJC_ISA_USAGE = YES_ERROR;
				CLANG_WARN_DOCUMENTATION_COMMENTS = YES;
				CLANG_WARN_EMPTY_BODY = YES;
				CLANG_WARN_ENUM_CONVERSION = YES;
				CLANG_WARN_INFINITE_RECURSION = YES;
				CLANG_WARN_INT_CONVERSION = YES;
				CLANG_WARN_NON_LITERAL_NULL_CONVERSION = YES;
				CLANG_WARN_OBJC_LITERAL_CONVERSION = YES;
				CLANG_WARN_OBJC_ROOT_CLASS = YES_ERROR;
				CLANG_WARN_RANGE_LOOP_ANALYSIS = YES;
				CLANG_WARN_STRICT_PROTOTYPES = YES;
				CLANG_WARN_SUSPICIOUS_MOVE = YES;
				CLANG_WARN_UNGUARDED_AVAILABILITY = YES_AGGRESSIVE;
				CLANG_WARN_UNREACHABLE_CODE = YES;
				CLANG_WARN__DUPLICATE_METHOD_MATCH = YES;
				CODE_SIGN_IDENTITY = "iPhone Developer";
				COPY_PHASE_STRIP = NO;
				DEBUG_INFORMATION_FORMAT = dwarf;
				ENABLE_STRICT_OBJC_MSGSEND = YES;
				ENABLE_TESTABILITY = YES;
				GCC_C_LANGUAGE_STANDARD = gnu11;
				GCC_DYNAMIC_NO_PIC = NO;
				GCC_NO_COMMON_BLOCKS = YES;
				GCC_OPTIMIZATION_LEVEL = 0;
				GCC_PREPROCESSOR_DEFINITIONS = (
					"DEBUG=1",
					"$(inherited)",
				);
				GCC_WARN_64_TO_32_BIT_CONVERSION = YES;
				GCC_WARN_ABOUT_RETURN_TYPE = YES_ERROR;
				GCC_WARN_UNDECLARED_SELECTOR = YES;
				GCC_WARN_UNINITIALIZED_AUTOS = YES_AGGRESSIVE;
				GCC_WARN_UNUSED_FUNCTION = YES;
				GCC_WARN_UNUSED_VARIABLE = YES;
				IPHONEOS_DEPLOYMENT_TARGET = 11.2;
				MTL_ENABLE_DEBUG_INFO = YES;
				ONLY_ACTIVE_ARCH = YES;
				SDKROOT = iphoneos;
				SWIFT_ACTIVE_COMPILATION_CONDITIONS = DEBUG;
				SWIFT_OPTIMIZATION_LEVEL = "-Onone";
			};
			name = Debug;
		};
		4E93EE5C2085FE1A007A3DBF /* Release */ = {
			isa = XCBuildConfiguration;
			buildSettings = {
				ALWAYS_SEARCH_USER_PATHS = NO;
				CLANG_ANALYZER_NONNULL = YES;
				CLANG_ANALYZER_NUMBER_OBJECT_CONVERSION = YES_AGGRESSIVE;
				CLANG_CXX_LANGUAGE_STANDARD = "gnu++14";
				CLANG_CXX_LIBRARY = "libc++";
				CLANG_ENABLE_MODULES = YES;
				CLANG_ENABLE_OBJC_ARC = YES;
				CLANG_WARN_BLOCK_CAPTURE_AUTORELEASING = YES;
				CLANG_WARN_BOOL_CONVERSION = YES;
				CLANG_WARN_COMMA = YES;
				CLANG_WARN_CONSTANT_CONVERSION = YES;
				CLANG_WARN_DIRECT_OBJC_ISA_USAGE = YES_ERROR;
				CLANG_WARN_DOCUMENTATION_COMMENTS = YES;
				CLANG_WARN_EMPTY_BODY = YES;
				CLANG_WARN_ENUM_CONVERSION = YES;
				CLANG_WARN_INFINITE_RECURSION = YES;
				CLANG_WARN_INT_CONVERSION = YES;
				CLANG_WARN_NON_LITERAL_NULL_CONVERSION = YES;
				CLANG_WARN_OBJC_LITERAL_CONVERSION = YES;
				CLANG_WARN_OBJC_ROOT_CLASS = YES_ERROR;
				CLANG_WARN_RANGE_LOOP_ANALYSIS = YES;
				CLANG_WARN_STRICT_PROTOTYPES = YES;
				CLANG_WARN_SUSPICIOUS_MOVE = YES;
				CLANG_WARN_UNGUARDED_AVAILABILITY = YES_AGGRESSIVE;
				CLANG_WARN_UNREACHABLE_CODE = YES;
				CLANG_WARN__DUPLICATE_METHOD_MATCH = YES;
				CODE_SIGN_IDENTITY = "iPhone Developer";
				COPY_PHASE_STRIP = NO;
				DEBUG_INFORMATION_FORMAT = "dwarf-with-dsym";
				ENABLE_NS_ASSERTIONS = NO;
				ENABLE_STRICT_OBJC_MSGSEND = YES;
				GCC_C_LANGUAGE_STANDARD = gnu11;
				GCC_NO_COMMON_BLOCKS = YES;
				GCC_WARN_64_TO_32_BIT_CONVERSION = YES;
				GCC_WARN_ABOUT_RETURN_TYPE = YES_ERROR;
				GCC_WARN_UNDECLARED_SELECTOR = YES;
				GCC_WARN_UNINITIALIZED_AUTOS = YES_AGGRESSIVE;
				GCC_WARN_UNUSED_FUNCTION = YES;
				GCC_WARN_UNUSED_VARIABLE = YES;
				IPHONEOS_DEPLOYMENT_TARGET = 11.2;
				MTL_ENABLE_DEBUG_INFO = NO;
				SDKROOT = iphoneos;
				SWIFT_OPTIMIZATION_LEVEL = "-Owholemodule";
				VALIDATE_PRODUCT = YES;
			};
			name = Release;
		};
		4E93EE5E2085FE1A007A3DBF /* Debug */ = {
			isa = XCBuildConfiguration;
			buildSettings = {
				ASSETCATALOG_COMPILER_APPICON_NAME = AppIcon;
				CODE_SIGN_STYLE = Automatic;
				INFOPLIST_FILE = "UI Controller/Info.plist";
				LD_RUNPATH_SEARCH_PATHS = "$(inherited) @executable_path/Frameworks";
				PRODUCT_BUNDLE_IDENTIFIER = "dit4.UI-Controller";
				PRODUCT_NAME = "$(TARGET_NAME)";
				SWIFT_VERSION = 4.0;
				TARGETED_DEVICE_FAMILY = "1,2";
			};
			name = Debug;
		};
		4E93EE5F2085FE1A007A3DBF /* Release */ = {
			isa = XCBuildConfiguration;
			buildSettings = {
				ASSETCATALOG_COMPILER_APPICON_NAME = AppIcon;
				CODE_SIGN_STYLE = Automatic;
				INFOPLIST_FILE = "UI Controller/Info.plist";
				LD_RUNPATH_SEARCH_PATHS = "$(inherited) @executable_path/Frameworks";
				PRODUCT_BUNDLE_IDENTIFIER = "dit4.UI-Controller";
				PRODUCT_NAME = "$(TARGET_NAME)";
				SWIFT_VERSION = 4.0;
				TARGETED_DEVICE_FAMILY = "1,2";
			};
			name = Release;
		};
		4E93EE612085FE1A007A3DBF /* Debug */ = {
			isa = XCBuildConfiguration;
			buildSettings = {
				ALWAYS_EMBED_SWIFT_STANDARD_LIBRARIES = YES;
				BUNDLE_LOADER = "$(TEST_HOST)";
				CODE_SIGN_STYLE = Automatic;
				INFOPLIST_FILE = "UI ControllerTests/Info.plist";
				LD_RUNPATH_SEARCH_PATHS = "$(inherited) @executable_path/Frameworks @loader_path/Frameworks";
				PRODUCT_BUNDLE_IDENTIFIER = "dit4.UI-ControllerTests";
				PRODUCT_NAME = "$(TARGET_NAME)";
				SWIFT_VERSION = 4.0;
				TARGETED_DEVICE_FAMILY = "1,2";
				TEST_HOST = "$(BUILT_PRODUCTS_DIR)/UI Controller.app/UI Controller";
			};
			name = Debug;
		};
		4E93EE622085FE1A007A3DBF /* Release */ = {
			isa = XCBuildConfiguration;
			buildSettings = {
				ALWAYS_EMBED_SWIFT_STANDARD_LIBRARIES = YES;
				BUNDLE_LOADER = "$(TEST_HOST)";
				CODE_SIGN_STYLE = Automatic;
				INFOPLIST_FILE = "UI ControllerTests/Info.plist";
				LD_RUNPATH_SEARCH_PATHS = "$(inherited) @executable_path/Frameworks @loader_path/Frameworks";
				PRODUCT_BUNDLE_IDENTIFIER = "dit4.UI-ControllerTests";
				PRODUCT_NAME = "$(TARGET_NAME)";
				SWIFT_VERSION = 4.0;
				TARGETED_DEVICE_FAMILY = "1,2";
				TEST_HOST = "$(BUILT_PRODUCTS_DIR)/UI Controller.app/UI Controller";
			};
			name = Release;
		};
		4E93EE642085FE1A007A3DBF /* Debug */ = {
			isa = XCBuildConfiguration;
			buildSettings = {
				ALWAYS_EMBED_SWIFT_STANDARD_LIBRARIES = YES;
				CODE_SIGN_STYLE = Automatic;
				INFOPLIST_FILE = "UI ControllerUITests/Info.plist";
				LD_RUNPATH_SEARCH_PATHS = "$(inherited) @executable_path/Frameworks @loader_path/Frameworks";
				PRODUCT_BUNDLE_IDENTIFIER = "dit4.UI-ControllerUITests";
				PRODUCT_NAME = "$(TARGET_NAME)";
				SWIFT_VERSION = 4.0;
				TARGETED_DEVICE_FAMILY = "1,2";
				TEST_TARGET_NAME = "UI Controller";
			};
			name = Debug;
		};
		4E93EE652085FE1A007A3DBF /* Release */ = {
			isa = XCBuildConfiguration;
			buildSettings = {
				ALWAYS_EMBED_SWIFT_STANDARD_LIBRARIES = YES;
				CODE_SIGN_STYLE = Automatic;
				INFOPLIST_FILE = "UI ControllerUITests/Info.plist";
				LD_RUNPATH_SEARCH_PATHS = "$(inherited) @executable_path/Frameworks @loader_path/Frameworks";
				PRODUCT_BUNDLE_IDENTIFIER = "dit4.UI-ControllerUITests";
				PRODUCT_NAME = "$(TARGET_NAME)";
				SWIFT_VERSION = 4.0;
				TARGETED_DEVICE_FAMILY = "1,2";
				TEST_TARGET_NAME = "UI Controller";
			};
			name = Release;
		};
/* End XCBuildConfiguration section */

/* Begin XCConfigurationList section */
		4E93EE2D2085FE19007A3DBF /* Build configuration list for PBXProject "UI Controller" */ = {
			isa = XCConfigurationList;
			buildConfigurations = (
				4E93EE5B2085FE1A007A3DBF /* Debug */,
				4E93EE5C2085FE1A007A3DBF /* Release */,
			);
			defaultConfigurationIsVisible = 0;
			defaultConfigurationName = Release;
		};
		4E93EE5D2085FE1A007A3DBF /* Build configuration list for PBXNativeTarget "UI Controller" */ = {
			isa = XCConfigurationList;
			buildConfigurations = (
				4E93EE5E2085FE1A007A3DBF /* Debug */,
				4E93EE5F2085FE1A007A3DBF /* Release */,
			);
			defaultConfigurationIsVisible = 0;
			defaultConfigurationName = Release;
		};
		4E93EE602085FE1A007A3DBF /* Build configuration list for PBXNativeTarget "UI ControllerTests" */ = {
			isa = XCConfigurationList;
			buildConfigurations = (
				4E93EE612085FE1A007A3DBF /* Debug */,
				4E93EE622085FE1A007A3DBF /* Release */,
			);
			defaultConfigurationIsVisible = 0;
			defaultConfigurationName = Release;
		};
		4E93EE632085FE1A007A3DBF /* Build configuration list for PBXNativeTarget "UI ControllerUITests" */ = {
			isa = XCConfigurationList;
			buildConfigurations = (
				4E93EE642085FE1A007A3DBF /* Debug */,
				4E93EE652085FE1A007A3DBF /* Release */,
			);
			defaultConfigurationIsVisible = 0;
			defaultConfigurationName = Release;
		};
/* End XCConfigurationList section */

/* Begin XCVersionGroup section */
		4E93EE3C2085FE19007A3DBF /* UI_Controller.xcdatamodeld */ = {
			isa = XCVersionGroup;
			children = (
				4E93EE3D2085FE19007A3DBF /* UI_Controller.xcdatamodel */,
			);
			currentVersion = 4E93EE3D2085FE19007A3DBF /* UI_Controller.xcdatamodel */;
			path = UI_Controller.xcdatamodeld;
			sourceTree = "<group>";
			versionGroupType = wrapper.xcdatamodel;
		};
/* End XCVersionGroup section */
	};
	rootObject = 4E93EE2A2085FE19007A3DBF /* Project object */;
}
